{
  "version": 4,
  "terraform_version": "1.13.4",
  "serial": 7,
  "lineage": "dc389bdd-c44e-f818-9e2e-3a460a51eb16",
  "outputs": {
    "resource_group": {
      "value": "rg-lcda-free",
      "type": "string"
    },
    "webapp_name": {
      "value": "wa-lcda-free",
      "type": "string"
    },
    "webapp_url": {
      "value": "wa-lcda-free.azurewebsites.net",
      "type": "string"
    }
  },
  "resources": [
    {
      "mode": "managed",
      "type": "azurerm_linux_web_app",
      "name": "app",
      "provider": "provider[\"registry.terraform.io/hashicorp/azurerm\"]",
      "instances": [
        {
          "schema_version": 1,
          "attributes": {
            "app_settings": {
              "SUPABASE_KEY": "eyJhbGciOiJIUzI1NiIsInR5cCI6IkpXVCJ9.eyJpc3MiOiJzdXBhYmFzZSIsInJlZiI6InNienZwdnNqcmJqcm5hbnJ1bG96Iiwicm9sZSI6ImFub24iLCJpYXQiOjE3MzQwNTMyODgsImV4cCI6MjA0OTYyOTI4OH0.ahJbSTgC3sfeLJg9HbfXRMmaoZ-MGSYIG6vKnRnOgfk",
              "SUPABASE_URL": "https://sbzvpvsjrbjrnanruloz.supabase.co",
              "WEBSITES_ENABLE_APP_SERVICE_STORAGE": "true",
              "WEBSITE_NODE_DEFAULT_VERSION": "~20-lts",
              "WEBSITE_RUN_FROM_PACKAGE": "0"
            },
            "auth_settings": [],
            "auth_settings_v2": [],
            "backup": [],
            "client_affinity_enabled": false,
            "client_certificate_enabled": false,
            "client_certificate_exclusion_paths": "",
            "client_certificate_mode": "Required",
            "connection_string": [],
            "custom_domain_verification_id": "61E40A4FE9FB6B8E2EBC32C94F114E8897C6B282715CE2C29A12419160F19A82",
            "default_hostname": "wa-lcda-free.azurewebsites.net",
            "enabled": true,
            "ftp_publish_basic_authentication_enabled": true,
            "hosting_environment_id": "",
            "https_only": true,
            "id": "/subscriptions/bcf2ea64-98ce-4e19-bb82-2b5959a6a8e0/resourceGroups/rg-lcda-free/providers/Microsoft.Web/sites/wa-lcda-free",
            "identity": [],
            "key_vault_reference_identity_id": "SystemAssigned",
            "kind": "app,linux",
            "location": "westus2",
            "logs": [],
            "name": "wa-lcda-free",
            "outbound_ip_address_list": [
              "4.149.153.72",
              "4.242.112.109",
              "4.246.1.153",
              "172.179.160.206",
              "4.155.180.65",
              "172.179.23.236",
              "4.154.227.46",
              "4.154.249.205",
              "20.252.97.105",
              "172.179.52.10",
              "4.242.106.31",
              "172.179.147.40",
              "20.42.128.96"
            ],
            "outbound_ip_addresses": "4.149.153.72,4.242.112.109,4.246.1.153,172.179.160.206,4.155.180.65,172.179.23.236,4.154.227.46,4.154.249.205,20.252.97.105,172.179.52.10,4.242.106.31,172.179.147.40,20.42.128.96",
            "possible_outbound_ip_address_list": [
              "4.149.153.72",
              "4.242.112.109",
              "4.246.1.153",
              "172.179.160.206",
              "4.155.180.65",
              "172.179.23.236",
              "4.154.227.46",
              "4.154.249.205",
              "20.252.97.105",
              "172.179.52.10",
              "4.242.106.31",
              "172.179.147.40",
              "4.154.250.219",
              "4.155.124.123",
              "20.3.25.35",
              "172.179.98.39",
              "172.179.62.60",
              "172.179.154.219",
              "52.250.82.200",
              "52.250.35.152",
              "4.149.89.82",
              "172.179.180.245",
              "20.115.175.113",
              "52.250.37.17",
              "172.179.65.118",
              "4.149.65.98",
              "4.242.114.81",
              "172.179.168.97",
              "172.179.162.4",
              "52.250.85.2",
              "20.42.128.96"
            ],
            "possible_outbound_ip_addresses": "4.149.153.72,4.242.112.109,4.246.1.153,172.179.160.206,4.155.180.65,172.179.23.236,4.154.227.46,4.154.249.205,20.252.97.105,172.179.52.10,4.242.106.31,172.179.147.40,4.154.250.219,4.155.124.123,20.3.25.35,172.179.98.39,172.179.62.60,172.179.154.219,52.250.82.200,52.250.35.152,4.149.89.82,172.179.180.245,20.115.175.113,52.250.37.17,172.179.65.118,4.149.65.98,4.242.114.81,172.179.168.97,172.179.162.4,52.250.85.2,20.42.128.96",
            "public_network_access_enabled": true,
            "resource_group_name": "rg-lcda-free",
            "service_plan_id": "/subscriptions/bcf2ea64-98ce-4e19-bb82-2b5959a6a8e0/resourceGroups/rg-lcda-free/providers/Microsoft.Web/serverFarms/asp-lcda-free",
            "site_config": [
              {
                "always_on": false,
                "api_definition_url": "",
                "api_management_api_id": "",
                "app_command_line": "pm2 serve /home/site/wwwroot --no-daemon --spa",
                "application_stack": [
                  {
                    "docker_image": "",
                    "docker_image_name": "",
                    "docker_image_tag": "",
                    "docker_registry_password": "",
                    "docker_registry_url": "",
                    "docker_registry_username": "",
                    "dotnet_version": "",
                    "go_version": "",
                    "java_server": "",
                    "java_server_version": "",
                    "java_version": "",
                    "node_version": "20-lts",
                    "php_version": "",
                    "python_version": "",
                    "ruby_version": ""
                  }
                ],
                "auto_heal_enabled": false,
                "auto_heal_setting": [],
                "container_registry_managed_identity_client_id": "",
                "container_registry_use_managed_identity": false,
                "cors": [],
                "default_documents": [
                  "Default.htm",
                  "Default.html",
                  "Default.asp",
                  "index.htm",
                  "index.html",
                  "iisstart.htm",
                  "default.aspx",
                  "index.php",
                  "hostingstart.html"
                ],
                "detailed_error_logging_enabled": false,
                "ftps_state": "Disabled",
                "health_check_eviction_time_in_min": 0,
                "health_check_path": "",
                "http2_enabled": false,
                "ip_restriction": [],
                "ip_restriction_default_action": "Allow",
                "linux_fx_version": "NODE|20-lts",
                "load_balancing_mode": "LeastRequests",
                "local_mysql_enabled": false,
                "managed_pipeline_mode": "Integrated",
                "minimum_tls_version": "1.2",
                "remote_debugging_enabled": false,
                "remote_debugging_version": "VS2022",
                "scm_ip_restriction": [],
                "scm_ip_restriction_default_action": "Allow",
                "scm_minimum_tls_version": "1.2",
                "scm_type": "None",
                "scm_use_main_ip_restriction": false,
                "use_32_bit_worker": true,
                "vnet_route_all_enabled": false,
                "websockets_enabled": false,
                "worker_count": 1
              }
            ],
            "site_credential": [
              {
                "name": "$wa-lcda-free",
                "password": "clxLFYCdrboMTMJc8DffSsawsrnkxXkcyzShxnDyx35EmHgCh1rCbwzkYNst"
              }
            ],
            "sticky_settings": [],
            "storage_account": [],
            "tags": null,
            "timeouts": null,
            "virtual_network_subnet_id": "",
            "webdeploy_publish_basic_authentication_enabled": true,
            "zip_deploy_file": ""
          },
          "sensitive_attributes": [
            [
              {
                "type": "get_attr",
                "value": "custom_domain_verification_id"
              }
            ],
            [
              {
                "type": "get_attr",
                "value": "site_config"
              },
              {
                "type": "index",
                "value": {
                  "value": 0,
                  "type": "number"
                }
              },
              {
                "type": "get_attr",
                "value": "application_stack"
              },
              {
                "type": "index",
                "value": {
                  "value": 0,
                  "type": "number"
                }
              },
              {
                "type": "get_attr",
                "value": "docker_registry_password"
              }
            ],
            [
              {
                "type": "get_attr",
                "value": "site_credential"
              }
            ]
          ],
          "identity_schema_version": 0,
          "private": "eyJlMmJmYjczMC1lY2FhLTExZTYtOGY4OC0zNDM2M2JjN2M0YzAiOnsiY3JlYXRlIjoxODAwMDAwMDAwMDAwLCJkZWxldGUiOjE4MDAwMDAwMDAwMDAsInJlYWQiOjMwMDAwMDAwMDAwMCwidXBkYXRlIjoxODAwMDAwMDAwMDAwfSwic2NoZW1hX3ZlcnNpb24iOiIxIn0=",
          "dependencies": [
            "azurerm_resource_group.main",
            "azurerm_service_plan.asp"
          ]
        }
      ]
    },
    {
      "mode": "managed",
      "type": "azurerm_resource_group",
      "name": "main",
      "provider": "provider[\"registry.terraform.io/hashicorp/azurerm\"]",
      "instances": [
        {
          "schema_version": 0,
          "attributes": {
            "id": "/subscriptions/bcf2ea64-98ce-4e19-bb82-2b5959a6a8e0/resourceGroups/rg-lcda-free",
            "location": "westus2",
            "managed_by": "",
            "name": "rg-lcda-free",
            "tags": null,
            "timeouts": null
          },
          "sensitive_attributes": [],
          "identity_schema_version": 0,
          "private": "eyJlMmJmYjczMC1lY2FhLTExZTYtOGY4OC0zNDM2M2JjN2M0YzAiOnsiY3JlYXRlIjo1NDAwMDAwMDAwMDAwLCJkZWxldGUiOjU0MDAwMDAwMDAwMDAsInJlYWQiOjMwMDAwMDAwMDAwMCwidXBkYXRlIjo1NDAwMDAwMDAwMDAwfX0="
        }
      ]
    },
    {
      "mode": "managed",
      "type": "azurerm_service_plan",
      "name": "asp",
      "provider": "provider[\"registry.terraform.io/hashicorp/azurerm\"]",
      "instances": [
        {
          "schema_version": 1,
          "attributes": {
            "app_service_environment_id": "",
            "id": "/subscriptions/bcf2ea64-98ce-4e19-bb82-2b5959a6a8e0/resourceGroups/rg-lcda-free/providers/Microsoft.Web/serverFarms/asp-lcda-free",
            "kind": "linux",
            "location": "westus2",
            "maximum_elastic_worker_count": 1,
            "name": "asp-lcda-free",
            "os_type": "Linux",
            "per_site_scaling_enabled": false,
            "reserved": true,
            "resource_group_name": "rg-lcda-free",
            "sku_name": "F1",
            "tags": null,
            "timeouts": null,
            "worker_count": 1,
            "zone_balancing_enabled": false
          },
          "sensitive_attributes": [],
          "identity_schema_version": 0,
          "private": "eyJlMmJmYjczMC1lY2FhLTExZTYtOGY4OC0zNDM2M2JjN2M0YzAiOnsiY3JlYXRlIjozNjAwMDAwMDAwMDAwLCJkZWxldGUiOjM2MDAwMDAwMDAwMDAsInJlYWQiOjMwMDAwMDAwMDAwMCwidXBkYXRlIjozNjAwMDAwMDAwMDAwfSwic2NoZW1hX3ZlcnNpb24iOiIxIn0=",
          "dependencies": [
            "azurerm_resource_group.main"
          ]
        }
      ]
    }
  ],
  "check_results": null
}
